
Microsoft Visual Studio Solution File, Format Version 12.00
# Visual Studio Version 17
VisualStudioVersion = 17.12.35527.113 d17.12
MinimumVisualStudioVersion = 10.0.40219.1
Project("{FAE04EC0-301F-11D3-BF4B-00C04F79EFBC}") = "FinancialCrmFinalCase", "FinancialCrmFinalCase\FinancialCrmFinalCase.csproj", "{FEB83973-2BE0-4BD0-858E-D40F996E3382}"
EndProject
Global
	GlobalSection(SolutionConfigurationPlatforms) = preSolution
		Debug|Any CPU = Debug|Any CPU
		Release|Any CPU = Release|Any CPU
	EndGlobalSection
	GlobalSection(ProjectConfigurationPlatforms) = postSolution
		{FEB83973-2BE0-4BD0-858E-D40F996E3382}.Debug|Any CPU.ActiveCfg = Debug|Any CPU
		{FEB83973-2BE0-4BD0-858E-D40F996E3382}.Debug|Any CPU.Build.0 = Debug|Any CPU
		{FEB83973-2BE0-4BD0-858E-D40F996E3382}.Release|Any CPU.ActiveCfg = Release|Any CPU
		{FEB83973-2BE0-4BD0-858E-D40F996E3382}.Release|Any CPU.Build.0 = Release|Any CPU
	EndGlobalSection
	GlobalSection(SolutionProperties) = preSolution
		HideSolutionNode = FALSE
	EndGlobalSection
EndGlobal
